// !$*UTF8*$!
{
	archiveVersion = 1;
	classes = {
	};
	objectVersion = 55;
	objects = {

/* Begin PBXBuildFile section */
		DBA8C6E8270AFF9400CC1950 /* AppDelegate.swift in Sources */ = {isa = PBXBuildFile; fileRef = DBA8C6E7270AFF9400CC1950 /* AppDelegate.swift */; };
		DBA8C6EA270AFF9400CC1950 /* SceneDelegate.swift in Sources */ = {isa = PBXBuildFile; fileRef = DBA8C6E9270AFF9400CC1950 /* SceneDelegate.swift */; };
		DBA8C6EC270AFF9400CC1950 /* ViewController.swift in Sources */ = {isa = PBXBuildFile; fileRef = DBA8C6EB270AFF9400CC1950 /* ViewController.swift */; };
		DBA8C6EF270AFF9400CC1950 /* Main.storyboard in Resources */ = {isa = PBXBuildFile; fileRef = DBA8C6ED270AFF9400CC1950 /* Main.storyboard */; };
		DBA8C6F1270AFF9500CC1950 /* Assets.xcassets in Resources */ = {isa = PBXBuildFile; fileRef = DBA8C6F0270AFF9500CC1950 /* Assets.xcassets */; };
		DBA8C6F4270AFF9500CC1950 /* LaunchScreen.storyboard in Resources */ = {isa = PBXBuildFile; fileRef = DBA8C6F2270AFF9500CC1950 /* LaunchScreen.storyboard */; };
		DBA8C6FD270B2CCA00CC1950 /* ResultsViewController.swift in Sources */ = {isa = PBXBuildFile; fileRef = DBA8C6FC270B2CCA00CC1950 /* ResultsViewController.swift */; };
		DBA8C700270B46DE00CC1950 /* BMICalculatorBrain.swift in Sources */ = {isa = PBXBuildFile; fileRef = DBA8C6FF270B46DE00CC1950 /* BMICalculatorBrain.swift */; };
/* End PBXBuildFile section */

/* Begin PBXFileReference section */
		DBA8C6E4270AFF9400CC1950 /* BMICalculator-UIKit.app */ = {isa = PBXFileReference; explicitFileType = wrapper.application; includeInIndex = 0; path = "BMICalculator-UIKit.app"; sourceTree = BUILT_PRODUCTS_DIR; };
		DBA8C6E7270AFF9400CC1950 /* AppDelegate.swift */ = {isa = PBXFileReference; lastKnownFileType = sourcecode.swift; path = AppDelegate.swift; sourceTree = "<group>"; };
		DBA8C6E9270AFF9400CC1950 /* SceneDelegate.swift */ = {isa = PBXFileReference; lastKnownFileType = sourcecode.swift; path = SceneDelegate.swift; sourceTree = "<group>"; };
		DBA8C6EB270AFF9400CC1950 /* ViewController.swift */ = {isa = PBXFileReference; lastKnownFileType = sourcecode.swift; path = ViewController.swift; sourceTree = "<group>"; };
		DBA8C6EE270AFF9400CC1950 /* Base */ = {isa = PBXFileReference; lastKnownFileType = file.storyboard; name = Base; path = Base.lproj/Main.storyboard; sourceTree = "<group>"; };
		DBA8C6F0270AFF9500CC1950 /* Assets.xcassets */ = {isa = PBXFileReference; lastKnownFileType = folder.assetcatalog; path = Assets.xcassets; sourceTree = "<group>"; };
		DBA8C6F3270AFF9500CC1950 /* Base */ = {isa = PBXFileReference; lastKnownFileType = file.storyboard; name = Base; path = Base.lproj/LaunchScreen.storyboard; sourceTree = "<group>"; };
		DBA8C6F5270AFF9500CC1950 /* Info.plist */ = {isa = PBXFileReference; lastKnownFileType = text.plist.xml; path = Info.plist; sourceTree = "<group>"; };
		DBA8C6FC270B2CCA00CC1950 /* ResultsViewController.swift */ = {isa = PBXFileReference; lastKnownFileType = sourcecode.swift; path = ResultsViewController.swift; sourceTree = "<group>"; };
		DBA8C6FF270B46DE00CC1950 /* BMICalculatorBrain.swift */ = {isa = PBXFileReference; lastKnownFileType = sourcecode.swift; path = BMICalculatorBrain.swift; sourceTree = "<group>"; };
/* End PBXFileReference section */

/* Begin PBXFrameworksBuildPhase section */
		DBA8C6E1270AFF9400CC1950 /* Frameworks */ = {
			isa = PBXFrameworksBuildPhase;
			buildActionMask = 2147483647;
			files = (
			);
			runOnlyForDeploymentPostprocessing = 0;
		};
/* End PBXFrameworksBuildPhase section */

/* Begin PBXGroup section */
		DBA8C6DB270AFF9400CC1950 = {
			isa = PBXGroup;
			children = (
				DBA8C6E6270AFF9400CC1950 /* BMICalculator-UIKit */,
				DBA8C6E5270AFF9400CC1950 /* Products */,
			);
			sourceTree = "<group>";
		};
		DBA8C6E5270AFF9400CC1950 /* Products */ = {
			isa = PBXGroup;
			children = (
				DBA8C6E4270AFF9400CC1950 /* BMICalculator-UIKit.app */,
			);
			name = Products;
			sourceTree = "<group>";
		};
		DBA8C6E6270AFF9400CC1950 /* BMICalculator-UIKit */ = {
			isa = PBXGroup;
			children = (
				DBA8C6E7270AFF9400CC1950 /* AppDelegate.swift */,
				DBA8C6E9270AFF9400CC1950 /* SceneDelegate.swift */,
				DBA8C6FE270B46C100CC1950 /* Models */,
				DBA8C6FB270B2CA700CC1950 /* Controllers */,
				DBA8C6ED270AFF9400CC1950 /* Main.storyboard */,
				DBA8C6F0270AFF9500CC1950 /* Assets.xcassets */,
				DBA8C6F2270AFF9500CC1950 /* LaunchScreen.storyboard */,
				DBA8C6F5270AFF9500CC1950 /* Info.plist */,
			);
			path = "BMICalculator-UIKit";
			sourceTree = "<group>";
		};
		DBA8C6FB270B2CA700CC1950 /* Controllers */ = {
			isa = PBXGroup;
			children = (
				DBA8C6EB270AFF9400CC1950 /* ViewController.swift */,
				DBA8C6FC270B2CCA00CC1950 /* ResultsViewController.swift */,
			);
			path = Controllers;
			sourceTree = "<group>";
		};
		DBA8C6FE270B46C100CC1950 /* Models */ = {
			isa = PBXGroup;
			children = (
				DBA8C6FF270B46DE00CC1950 /* BMICalculatorBrain.swift */,
			);
			path = Models;
			sourceTree = "<group>";
		};
/* End PBXGroup section */

/* Begin PBXNativeTarget section */
		DBA8C6E3270AFF9400CC1950 /* BMICalculator-UIKit */ = {
			isa = PBXNativeTarget;
			buildConfigurationList = DBA8C6F8270AFF9500CC1950 /* Build configuration list for PBXNativeTarget "BMICalculator-UIKit" */;
			buildPhases = (
				DBA8C6E0270AFF9400CC1950 /* Sources */,
				DBA8C6E1270AFF9400CC1950 /* Frameworks */,
				DBA8C6E2270AFF9400CC1950 /* Resources */,
			);
			buildRules = (
			);
			dependencies = (
			);
			name = "BMICalculator-UIKit";
			productName = "BMICalculator-UIKit";
			productReference = DBA8C6E4270AFF9400CC1950 /* BMICalculator-UIKit.app */;
			productType = "com.apple.product-type.application";
		};
/* End PBXNativeTarget section */

/* Begin PBXProject section */
		DBA8C6DC270AFF9400CC1950 /* Project object */ = {
			isa = PBXProject;
			attributes = {
				BuildIndependentTargetsInParallel = 1;
				LastSwiftUpdateCheck = 1300;
				LastUpgradeCheck = 1300;
				TargetAttributes = {
					DBA8C6E3270AFF9400CC1950 = {
						CreatedOnToolsVersion = 13.0;
					};
				};
			};
			buildConfigurationList = DBA8C6DF270AFF9400CC1950 /* Build configuration list for PBXProject "BMICalculator-UIKit" */;
			compatibilityVersion = "Xcode 13.0";
			developmentRegion = en;
			hasScannedForEncodings = 0;
			knownRegions = (
				en,
				Base,
			);
			mainGroup = DBA8C6DB270AFF9400CC1950;
			productRefGroup = DBA8C6E5270AFF9400CC1950 /* Products */;
			projectDirPath = "";
			projectRoot = "";
			targets = (
				DBA8C6E3270AFF9400CC1950 /* BMICalculator-UIKit */,
			);
		};
/* End PBXProject section */

/* Begin PBXResourcesBuildPhase section */
		DBA8C6E2270AFF9400CC1950 /* Resources */ = {
			isa = PBXResourcesBuildPhase;
			buildActionMask = 2147483647;
			files = (
				DBA8C6F4270AFF9500CC1950 /* LaunchScreen.storyboard in Resources */,
				DBA8C6F1270AFF9500CC1950 /* Assets.xcassets in Resources */,
				DBA8C6EF270AFF9400CC1950 /* Main.storyboard in Resources */,
			);
			runOnlyForDeploymentPostprocessing = 0;
		};
/* End PBXResourcesBuildPhase section */

/* Begin PBXSourcesBuildPhase section */
		DBA8C6E0270AFF9400CC1950 /* Sources */ = {
			isa = PBXSourcesBuildPhase;
			buildActionMask = 2147483647;
			files = (
				DBA8C6EC270AFF9400CC1950 /* ViewController.swift in Sources */,
				DBA8C6E8270AFF9400CC1950 /* AppDelegate.swift in Sources */,
				DBA8C6EA270AFF9400CC1950 /* SceneDelegate.swift in Sources */,
				DBA8C6FD270B2CCA00CC1950 /* ResultsViewController.swift in Sources */,
				DBA8C700270B46DE00CC1950 /* BMICalculatorBrain.swift in Sources */,
			);
			runOnlyForDeploymentPostprocessing = 0;
		};
/* End PBXSourcesBuildPhase section */

/* Begin PBXVariantGroup section */
		DBA8C6ED270AFF9400CC1950 /* Main.storyboard */ = {
			isa = PBXVariantGroup;
			children = (
				DBA8C6EE270AFF9400CC1950 /* Base */,
			);
			name = Main.storyboard;
			sourceTree = "<group>";
		};
		DBA8C6F2270AFF9500CC1950 /* LaunchScreen.storyboard */ = {
			isa = PBXVariantGroup;
			children = (
				DBA8C6F3270AFF9500CC1950 /* Base */,
			);
			name = LaunchScreen.storyboard;
			sourceTree = "<group>";
		};
/* End PBXVariantGroup section */

/* Begin XCBuildConfiguration section */
		DBA8C6F6270AFF9500CC1950 /* Debug */ = {
			isa = XCBuildConfiguration;
			buildSettings = {
				ALWAYS_SEARCH_USER_PATHS = NO;
				CLANG_ANALYZER_NONNULL = YES;
				CLANG_ANALYZER_NUMBER_OBJECT_CONVERSION = YES_AGGRESSIVE;
				CLANG_CXX_LANGUAGE_STANDARD = "gnu++17";
				CLANG_CXX_LIBRARY = "libc++";
				CLANG_ENABLE_MODULES = YES;
				CLANG_ENABLE_OBJC_ARC = YES;
				CLANG_ENABLE_OBJC_WEAK = YES;
				CLANG_WARN_BLOCK_CAPTURE_AUTORELEASING = YES;
				CLANG_WARN_BOOL_CONVERSION = YES;
				CLANG_WARN_COMMA = YES;
				CLANG_WARN_CONSTANT_CONVERSION = YES;
				CLANG_WARN_DEPRECATED_OBJC_IMPLEMENTATIONS = YES;
				CLANG_WARN_DIRECT_OBJC_ISA_USAGE = YES_ERROR;
				CLANG_WARN_DOCUMENTATION_COMMENTS = YES;
				CLANG_WARN_EMPTY_BODY = YES;
				CLANG_WARN_ENUM_CONVERSION = YES;
				CLANG_WARN_INFINITE_RECURSION = YES;
				CLANG_WARN_INT_CONVERSION = YES;
				CLANG_WARN_NON_LITERAL_NULL_CONVERSION = YES;
				CLANG_WARN_OBJC_IMPLICIT_RETAIN_SELF = YES;
				CLANG_WARN_OBJC_LITERAL_CONVERSION = YES;
				CLANG_WARN_OBJC_ROOT_CLASS = YES_ERROR;
				CLANG_WARN_QUOTED_INCLUDE_IN_FRAMEWORK_HEADER = YES;
				CLANG_WARN_RANGE_LOOP_ANALYSIS = YES;
				CLANG_WARN_STRICT_PROTOTYPES = YES;
				CLANG_WARN_SUSPICIOUS_MOVE = YES;
				CLANG_WARN_UNGUARDED_AVAILABILITY = YES_AGGRESSIVE;
				CLANG_WARN_UNREACHABLE_CODE = YES;
				CLANG_WARN__DUPLICATE_METHOD_MATCH = YES;
				COPY_PHASE_STRIP = NO;
				DEBUG_INFORMATION_FORMAT = dwarf;
				ENABLE_STRICT_OBJC_MSGSEND = YES;
				ENABLE_TESTABILITY = YES;
				GCC_C_LANGUAGE_STANDARD = gnu11;
				GCC_DYNAMIC_NO_PIC = NO;
				GCC_NO_COMMON_BLOCKS = YES;
				GCC_OPTIMIZATION_LEVEL = 0;
				GCC_PREPROCESSOR_DEFINITIONS = (
					"DEBUG=1",
					"$(inherited)",
				);
				GCC_WARN_64_TO_32_BIT_CONVERSION = YES;
				GCC_WARN_ABOUT_RETURN_TYPE = YES_ERROR;
				GCC_WARN_UNDECLARED_SELECTOR = YES;
				GCC_WARN_UNINITIALIZED_AUTOS = YES_AGGRESSIVE;
				GCC_WARN_UNUSED_FUNCTION = YES;
				GCC_WARN_UNUSED_VARIABLE = YES;
				IPHONEOS_DEPLOYMENT_TARGET = 15.0;
				MTL_ENABLE_DEBUG_INFO = INCLUDE_SOURCE;
				MTL_FAST_MATH = YES;
				ONLY_ACTIVE_ARCH = YES;
				SDKROOT = iphoneos;
				SWIFT_ACTIVE_COMPILATION_CONDITIONS = DEBUG;
				SWIFT_OPTIMIZATION_LEVEL = "-Onone";
			};
			name = Debug;
		};
		DBA8C6F7270AFF9500CC1950 /* Release */ = {
			isa = XCBuildConfiguration;
			buildSettings = {
				ALWAYS_SEARCH_USER_PATHS = NO;
				CLANG_ANALYZER_NONNULL = YES;
				CLANG_ANALYZER_NUMBER_OBJECT_CONVERSION = YES_AGGRESSIVE;
				CLANG_CXX_LANGUAGE_STANDARD = "gnu++17";
				CLANG_CXX_LIBRARY = "libc++";
				CLANG_ENABLE_MODULES = YES;
				CLANG_ENABLE_OBJC_ARC = YES;
				CLANG_ENABLE_OBJC_WEAK = YES;
				CLANG_WARN_BLOCK_CAPTURE_AUTORELEASING = YES;
				CLANG_WARN_BOOL_CONVERSION = YES;
				CLANG_WARN_COMMA = YES;
				CLANG_WARN_CONSTANT_CONVERSION = YES;
				CLANG_WARN_DEPRECATED_OBJC_IMPLEMENTATIONS = YES;
				CLANG_WARN_DIRECT_OBJC_ISA_USAGE = YES_ERROR;
				CLANG_WARN_DOCUMENTATION_COMMENTS = YES;
				CLANG_WARN_EMPTY_BODY = YES;
				CLANG_WARN_ENUM_CONVERSION = YES;
				CLANG_WARN_INFINITE_RECURSION = YES;
				CLANG_WARN_INT_CONVERSION = YES;
				CLANG_WARN_NON_LITERAL_NULL_CONVERSION = YES;
				CLANG_WARN_OBJC_IMPLICIT_RETAIN_SELF = YES;
				CLANG_WARN_OBJC_LITERAL_CONVERSION = YES;
				CLANG_WARN_OBJC_ROOT_CLASS = YES_ERROR;
				CLANG_WARN_QUOTED_INCLUDE_IN_FRAMEWORK_HEADER = YES;
				CLANG_WARN_RANGE_LOOP_ANALYSIS = YES;
				CLANG_WARN_STRICT_PROTOTYPES = YES;
				CLANG_WARN_SUSPICIOUS_MOVE = YES;
				CLANG_WARN_UNGUARDED_AVAILABILITY = YES_AGGRESSIVE;
				CLANG_WARN_UNREACHABLE_CODE = YES;
				CLANG_WARN__DUPLICATE_METHOD_MATCH = YES;
				COPY_PHASE_STRIP = NO;
				DEBUG_INFORMATION_FORMAT = "dwarf-with-dsym";
				ENABLE_NS_ASSERTIONS = NO;
				ENABLE_STRICT_OBJC_MSGSEND = YES;
				GCC_C_LANGUAGE_STANDARD = gnu11;
				GCC_NO_COMMON_BLOCKS = YES;
				GCC_WARN_64_TO_32_BIT_CONVERSION = YES;
				GCC_WARN_ABOUT_RETURN_TYPE = YES_ERROR;
				GCC_WARN_UNDECLARED_SELECTOR = YES;
				GCC_WARN_UNINITIALIZED_AUTOS = YES_AGGRESSIVE;
				GCC_WARN_UNUSED_FUNCTION = YES;
				GCC_WARN_UNUSED_VARIABLE = YES;
				IPHONEOS_DEPLOYMENT_TARGET = 15.0;
				MTL_ENABLE_DEBUG_INFO = NO;
				MTL_FAST_MATH = YES;
				SDKROOT = iphoneos;
				SWIFT_COMPILATION_MODE = wholemodule;
				SWIFT_OPTIMIZATION_LEVEL = "-O";
				VALIDATE_PRODUCT = YES;
			};
			name = Release;
		};
		DBA8C6F9270AFF9500CC1950 /* Debug */ = {
			isa = XCBuildConfiguration;
			buildSettings = {
				ASSETCATALOG_COMPILER_APPICON_NAME = AppIcon;
				ASSETCATALOG_COMPILER_GLOBAL_ACCENT_COLOR_NAME = AccentColor;
				CODE_SIGN_STYLE = Automatic;
				CURRENT_PROJECT_VERSION = 1;
				DEVELOPMENT_TEAM = KHDB3W3N3A;
				GENERATE_INFOPLIST_FILE = YES;
				INFOPLIST_FILE = "BMICalculator-UIKit/Info.plist";
				INFOPLIST_KEY_UIApplicationSupportsIndirectInputEvents = YES;
				INFOPLIST_KEY_UILaunchStoryboardName = LaunchScreen;
				INFOPLIST_KEY_UIMainStoryboardFile = Main;
				INFOPLIST_KEY_UIStatusBarHidden = YES;
				INFOPLIST_KEY_UISupportedInterfaceOrientations_iPad = "UIInterfaceOrientationPortrait UIInterfaceOrientationPortraitUpsideDown UIInterfaceOrientationLandscapeLeft UIInterfaceOrientationLandscapeRight";
				INFOPLIST_KEY_UISupportedInterfaceOrientations_iPhone = "UIInterfaceOrientationPortrait UIInterfaceOrientationLandscapeLeft UIInterfaceOrientationLandscapeRight";
				LD_RUNPATH_SEARCH_PATHS = (
					"$(inherited)",
					"@executable_path/Frameworks",
				);
				MARKETING_VERSION = 1.0;
				PRODUCT_BUNDLE_IDENTIFIER = "com.viktormauzer.BMICalculator-UIKit";
				PRODUCT_NAME = "$(TARGET_NAME)";
				SWIFT_EMIT_LOC_STRINGS = YES;
				SWIFT_VERSION = 5.0;
				TARGETED_DEVICE_FAMILY = "1,2";
			};
			name = Debug;
		};
		DBA8C6FA270AFF9500CC1950 /* Release */ = {
			isa = XCBuildConfiguration;
			buildSettings = {
				ASSETCATALOG_COMPILER_APPICON_NAME = AppIcon;
				ASSETCATALOG_COMPILER_GLOBAL_ACCENT_COLOR_NAME = AccentColor;
				CODE_SIGN_STYLE = Automatic;
				CURRENT_PROJECT_VERSION = 1;
				DEVELOPMENT_TEAM = KHDB3W3N3A;
				GENERATE_INFOPLIST_FILE = YES;
				INFOPLIST_FILE = "BMICalculator-UIKit/Info.plist";
				INFOPLIST_KEY_UIApplicationSupportsIndirectInputEvents = YES;
				INFOPLIST_KEY_UILaunchStoryboardName = LaunchScreen;
				INFOPLIST_KEY_UIMainStoryboardFile = Main;
				INFOPLIST_KEY_UIStatusBarHidden = YES;
				INFOPLIST_KEY_UISupportedInterfaceOrientations_iPad = "UIInterfaceOrientationPortrait UIInterfaceOrientationPortraitUpsideDown UIInterfaceOrientationLandscapeLeft UIInterfaceOrientationLandscapeRight";
				INFOPLIST_KEY_UISupportedInterfaceOrientations_iPhone = "UIInterfaceOrientationPortrait UIInterfaceOrientationLandscapeLeft UIInterfaceOrientationLandscapeRight";
				LD_RUNPATH_SEARCH_PATHS = (
					"$(inherited)",
					"@executable_path/Frameworks",
				);
				MARKETING_VERSION = 1.0;
				PRODUCT_BUNDLE_IDENTIFIER = "com.viktormauzer.BMICalculator-UIKit";
				PRODUCT_NAME = "$(TARGET_NAME)";
				SWIFT_EMIT_LOC_STRINGS = YES;
				SWIFT_VERSION = 5.0;
				TARGETED_DEVICE_FAMILY = "1,2";
			};
			name = Release;
		};
/* End XCBuildConfiguration section */

/* Begin XCConfigurationList section */
		DBA8C6DF270AFF9400CC1950 /* Build configuration list for PBXProject "BMICalculator-UIKit" */ = {
			isa = XCConfigurationList;
			buildConfigurations = (
				DBA8C6F6270AFF9500CC1950 /* Debug */,
				DBA8C6F7270AFF9500CC1950 /* Release */,
			);
			defaultConfigurationIsVisible = 0;
			defaultConfigurationName = Release;
		};
		DBA8C6F8270AFF9500CC1950 /* Build configuration list for PBXNativeTarget "BMICalculator-UIKit" */ = {
			isa = XCConfigurationList;
			buildConfigurations = (
				DBA8C6F9270AFF9500CC1950 /* Debug */,
				DBA8C6FA270AFF9500CC1950 /* Release */,
			);
			defaultConfigurationIsVisible = 0;
			defaultConfigurationName = Release;
		};
/* End XCConfigurationList section */
	};
	rootObject = DBA8C6DC270AFF9400CC1950 /* Project object */;
}
